{
  "name": "pinball-game",
  "version": "1.0.0",
  "lockfileVersion": 3,
  "requires": true,
  "packages": {
    "": {
      "name": "pinball-game",
      "version": "1.0.0",
      "dependencies": {
        "matter-js": "file:./vendor/matter-js"
      }
    },
    "node_modules/matter-js": {
      "resolved": "vendor/matter-js",
      "link": true
    },
    "vendor/matter-js": {
      "version": "0.20.0"
    }
  }
}
